
Microsoft Visual Studio Solution File, Format Version 12.00
# Visual Studio Version 17
VisualStudioVersion = 17.7.34031.279
MinimumVisualStudioVersion = 10.0.40219.1
Project("{FAE04EC0-301F-11D3-BF4B-00C04F79EFBC}") = "WebService", "WebService\WebService.csproj", "{0E5F3E31-526C-4BA8-8A91-1FA49874299D}"
EndProject
Global
	GlobalSection(SolutionConfigurationPlatforms) = preSolution
		Debug|Any CPU = Debug|Any CPU
		Release|Any CPU = Release|Any CPU
	EndGlobalSection
	GlobalSection(ProjectConfigurationPlatforms) = postSolution
		{0E5F3E31-526C-4BA8-8A91-1FA49874299D}.Debug|Any CPU.ActiveCfg = Debug|Any CPU
		{0E5F3E31-526C-4BA8-8A91-1FA49874299D}.Debug|Any CPU.Build.0 = Debug|Any CPU
		{0E5F3E31-526C-4BA8-8A91-1FA49874299D}.Release|Any CPU.ActiveCfg = Release|Any CPU
		{0E5F3E31-526C-4BA8-8A91-1FA49874299D}.Release|Any CPU.Build.0 = Release|Any CPU
	EndGlobalSection
	GlobalSection(SolutionProperties) = preSolution
		HideSolutionNode = FALSE
	EndGlobalSection
	GlobalSection(ExtensibilityGlobals) = postSolution
		SolutionGuid = {A1A36D9D-1041-47A1-854C-ECD55969D749}
	EndGlobalSection
EndGlobal
